
Microsoft Visual Studio Solution File, Format Version 12.00
# Visual Studio Version 18
VisualStudioVersion = 18.0.11222.15
MinimumVisualStudioVersion = 10.0.40219.1
Project("{2150E333-8FDC-42A3-9474-1A3956D46DE8}") = "Services", "Services", "{9F0D8EBF-94D7-4966-99F0-A9D659FF97EF}"
EndProject
Project("{2150E333-8FDC-42A3-9474-1A3956D46DE8}") = "Catalog", "Catalog", "{A612ECBE-E601-4B87-8322-867BD6989976}"
EndProject
Project("{FAE04EC0-301F-11D3-BF4B-00C04F79EFBC}") = "Catalog.API", "Services\Catalog\Catalog.API\Catalog.API.csproj", "{45B23C9D-7DC8-4526-A80A-60983D198045}"
EndProject
Project("{FAE04EC0-301F-11D3-BF4B-00C04F79EFBC}") = "Catalog.Application", "Services\Catalog\Catalog.Application\Catalog.Application.csproj", "{ED37FED0-2758-4AD9-BD08-17E5E07B949E}"
EndProject
Project("{FAE04EC0-301F-11D3-BF4B-00C04F79EFBC}") = "Catalog.Infrastructure", "Services\Catalog\Catalog.Infrastructure\Catalog.Infrastructure.csproj", "{D468BF40-D803-4A3A-9F0D-42984C64E0B3}"
EndProject
Project("{FAE04EC0-301F-11D3-BF4B-00C04F79EFBC}") = "Catalog.Core", "Services\Catalog\Catalog.Core\Catalog.Core.csproj", "{DE704F33-680D-4F42-A1AD-3ED2CCF01738}"
EndProject
Project("{E53339B2-1760-4266-BCC7-CA923CBCF16C}") = "docker-compose", "docker-compose.dcproj", "{81DDED9D-158B-E303-5F62-77A2896D2A5A}"
EndProject
Project("{2150E333-8FDC-42A3-9474-1A3956D46DE8}") = "Basket", "Basket", "{18C7DE63-F749-4FF0-ADB0-9B2162F6A06C}"
EndProject
Project("{FAE04EC0-301F-11D3-BF4B-00C04F79EFBC}") = "Basket.API", "Services\Basket\Basket.Api\Basket.API.csproj", "{7FCFC05A-4C79-4042-B4E0-10DBE2902E42}"
EndProject
Project("{FAE04EC0-301F-11D3-BF4B-00C04F79EFBC}") = "Basket.Application", "Services\Basket\Basket.Application\Basket.Application.csproj", "{C0D83BEF-0D37-494C-BB96-219C04AB7729}"
EndProject
Project("{FAE04EC0-301F-11D3-BF4B-00C04F79EFBC}") = "Basket.Core", "Services\Basket\Basket.Core\Basket.Core.csproj", "{A08072F0-4756-4853-9E5E-B1117033AAA6}"
EndProject
Project("{FAE04EC0-301F-11D3-BF4B-00C04F79EFBC}") = "Basket.Infrastructure", "Services\Basket\Basket.Infrastructure\Basket.Infrastructure.csproj", "{0722FE1E-C387-4F49-99B7-BAF9ECE0F300}"
EndProject
Project("{2150E333-8FDC-42A3-9474-1A3956D46DE8}") = "Discount", "Discount", "{B8C3D4E5-F6A7-4B89-9C0D-1E2F3A4B5C6D}"
EndProject
Project("{FAE04EC0-301F-11D3-BF4B-00C04F79EFBC}") = "Discount.API", "Services\Discount\Discount.API\Discount.API.csproj", "{C9D4E5F6-A7B8-4C90-D1E2-3F4A5B6C7D8E}"
EndProject
Project("{FAE04EC0-301F-11D3-BF4B-00C04F79EFBC}") = "Discount.Application", "Services\Discount\Discount.Application\Discount.Application.csproj", "{D0E5F6A7-B8C9-4D01-E2F3-4A5B6C7D8E9F}"
EndProject
Project("{FAE04EC0-301F-11D3-BF4B-00C04F79EFBC}") = "Discount.Core", "Services\Discount\Discount.Core\Discount.Core.csproj", "{E1F6A7B8-C9D0-4E12-F3A4-5B6C7D8E9F0A}"
EndProject
Project("{FAE04EC0-301F-11D3-BF4B-00C04F79EFBC}") = "Discount.Infrastructure", "Services\Discount\Discount.Infrastructure\Discount.Infrastructure.csproj", "{F2A7B8C9-D0E1-4F23-A4B5-6C7D8E9F0A1B}"
EndProject
Project("{2150E333-8FDC-42A3-9474-1A3956D46DE8}") = "Ordering", "Ordering", "{A1B2C3D4-E5F6-4A7B-8C9D-0E1F2A3B4C5D}"
EndProject
Project("{FAE04EC0-301F-11D3-BF4B-00C04F79EFBC}") = "Ordering.API", "Services\Ordering\Ordering.API\Ordering.API.csproj", "{B2C3D4E5-F6A7-4B8C-9D0E-1F2A3B4C5D6E}"
EndProject
Project("{FAE04EC0-301F-11D3-BF4B-00C04F79EFBC}") = "Ordering.Application", "Services\Ordering\Ordering.Application\Ordering.Application.csproj", "{C3D4E5F6-A7B8-4C9D-0E1F-2A3B4C5D6E7F}"
EndProject
Project("{FAE04EC0-301F-11D3-BF4B-00C04F79EFBC}") = "Ordering.Core", "Services\Ordering\Ordering.Core\Ordering.Core.csproj", "{D4E5F6A7-B8C9-4D0E-1F2A-3B4C5D6E7F8A}"
EndProject
Project("{FAE04EC0-301F-11D3-BF4B-00C04F79EFBC}") = "Ordering.Infrastructure", "Services\Ordering\Ordering.Infrastructure\Ordering.Infrastructure.csproj", "{E5F6A7B8-C9D0-4E1F-2A3B-4C5D6E7F8A9B}"
EndProject
Project("{2150E333-8FDC-42A3-9474-1A3956D46DE8}") = "Infrastructure", "Infrastructure", "{7BCA487B-3BB6-4D36-B681-BA282C63141C}"
EndProject
Project("{FAE04EC0-301F-11D3-BF4B-00C04F79EFBC}") = "EventBus.Messages", "EventBus.Messages\EventBus.Messages.csproj", "{9FE6F4F5-F390-2217-CEB9-1A35FABE9F8C}"
EndProject
Project("{FAE04EC0-301F-11D3-BF4B-00C04F79EFBC}") = "Common.Logging", "..\Common.Logging\Common.Logging.csproj", "{605BC48A-F726-4273-8519-677DCC9C4C43}"
EndProject
Global
	GlobalSection(SolutionConfigurationPlatforms) = preSolution
		Debug|Any CPU = Debug|Any CPU
		Release|Any CPU = Release|Any CPU
	EndGlobalSection
	GlobalSection(ProjectConfigurationPlatforms) = postSolution
		{45B23C9D-7DC8-4526-A80A-60983D198045}.Debug|Any CPU.ActiveCfg = Debug|Any CPU
		{45B23C9D-7DC8-4526-A80A-60983D198045}.Debug|Any CPU.Build.0 = Debug|Any CPU
		{45B23C9D-7DC8-4526-A80A-60983D198045}.Release|Any CPU.ActiveCfg = Release|Any CPU
		{45B23C9D-7DC8-4526-A80A-60983D198045}.Release|Any CPU.Build.0 = Release|Any CPU
		{ED37FED0-2758-4AD9-BD08-17E5E07B949E}.Debug|Any CPU.ActiveCfg = Debug|Any CPU
		{ED37FED0-2758-4AD9-BD08-17E5E07B949E}.Debug|Any CPU.Build.0 = Debug|Any CPU
		{ED37FED0-2758-4AD9-BD08-17E5E07B949E}.Release|Any CPU.ActiveCfg = Release|Any CPU
		{ED37FED0-2758-4AD9-BD08-17E5E07B949E}.Release|Any CPU.Build.0 = Release|Any CPU
		{D468BF40-D803-4A3A-9F0D-42984C64E0B3}.Debug|Any CPU.ActiveCfg = Debug|Any CPU
		{D468BF40-D803-4A3A-9F0D-42984C64E0B3}.Debug|Any CPU.Build.0 = Debug|Any CPU
		{D468BF40-D803-4A3A-9F0D-42984C64E0B3}.Release|Any CPU.ActiveCfg = Release|Any CPU
		{D468BF40-D803-4A3A-9F0D-42984C64E0B3}.Release|Any CPU.Build.0 = Release|Any CPU
		{DE704F33-680D-4F42-A1AD-3ED2CCF01738}.Debug|Any CPU.ActiveCfg = Debug|Any CPU
		{DE704F33-680D-4F42-A1AD-3ED2CCF01738}.Debug|Any CPU.Build.0 = Debug|Any CPU
		{DE704F33-680D-4F42-A1AD-3ED2CCF01738}.Release|Any CPU.ActiveCfg = Release|Any CPU
		{DE704F33-680D-4F42-A1AD-3ED2CCF01738}.Release|Any CPU.Build.0 = Release|Any CPU
		{81DDED9D-158B-E303-5F62-77A2896D2A5A}.Debug|Any CPU.ActiveCfg = Debug|Any CPU
		{81DDED9D-158B-E303-5F62-77A2896D2A5A}.Debug|Any CPU.Build.0 = Debug|Any CPU
		{81DDED9D-158B-E303-5F62-77A2896D2A5A}.Release|Any CPU.ActiveCfg = Release|Any CPU
		{81DDED9D-158B-E303-5F62-77A2896D2A5A}.Release|Any CPU.Build.0 = Release|Any CPU
		{7FCFC05A-4C79-4042-B4E0-10DBE2902E42}.Debug|Any CPU.ActiveCfg = Debug|Any CPU
		{7FCFC05A-4C79-4042-B4E0-10DBE2902E42}.Debug|Any CPU.Build.0 = Debug|Any CPU
		{7FCFC05A-4C79-4042-B4E0-10DBE2902E42}.Release|Any CPU.ActiveCfg = Release|Any CPU
		{7FCFC05A-4C79-4042-B4E0-10DBE2902E42}.Release|Any CPU.Build.0 = Release|Any CPU
		{C0D83BEF-0D37-494C-BB96-219C04AB7729}.Debug|Any CPU.ActiveCfg = Debug|Any CPU
		{C0D83BEF-0D37-494C-BB96-219C04AB7729}.Debug|Any CPU.Build.0 = Debug|Any CPU
		{C0D83BEF-0D37-494C-BB96-219C04AB7729}.Release|Any CPU.ActiveCfg = Release|Any CPU
		{C0D83BEF-0D37-494C-BB96-219C04AB7729}.Release|Any CPU.Build.0 = Release|Any CPU
		{A08072F0-4756-4853-9E5E-B1117033AAA6}.Debug|Any CPU.ActiveCfg = Debug|Any CPU
		{A08072F0-4756-4853-9E5E-B1117033AAA6}.Debug|Any CPU.Build.0 = Debug|Any CPU
		{A08072F0-4756-4853-9E5E-B1117033AAA6}.Release|Any CPU.ActiveCfg = Release|Any CPU
		{A08072F0-4756-4853-9E5E-B1117033AAA6}.Release|Any CPU.Build.0 = Release|Any CPU
		{0722FE1E-C387-4F49-99B7-BAF9ECE0F300}.Debug|Any CPU.ActiveCfg = Debug|Any CPU
		{0722FE1E-C387-4F49-99B7-BAF9ECE0F300}.Debug|Any CPU.Build.0 = Debug|Any CPU
		{0722FE1E-C387-4F49-99B7-BAF9ECE0F300}.Release|Any CPU.ActiveCfg = Release|Any CPU
		{0722FE1E-C387-4F49-99B7-BAF9ECE0F300}.Release|Any CPU.Build.0 = Release|Any CPU
		{C9D4E5F6-A7B8-4C90-D1E2-3F4A5B6C7D8E}.Debug|Any CPU.ActiveCfg = Debug|Any CPU
		{C9D4E5F6-A7B8-4C90-D1E2-3F4A5B6C7D8E}.Debug|Any CPU.Build.0 = Debug|Any CPU
		{C9D4E5F6-A7B8-4C90-D1E2-3F4A5B6C7D8E}.Release|Any CPU.ActiveCfg = Release|Any CPU
		{C9D4E5F6-A7B8-4C90-D1E2-3F4A5B6C7D8E}.Release|Any CPU.Build.0 = Release|Any CPU
		{D0E5F6A7-B8C9-4D01-E2F3-4A5B6C7D8E9F}.Debug|Any CPU.ActiveCfg = Debug|Any CPU
		{D0E5F6A7-B8C9-4D01-E2F3-4A5B6C7D8E9F}.Debug|Any CPU.Build.0 = Debug|Any CPU
		{D0E5F6A7-B8C9-4D01-E2F3-4A5B6C7D8E9F}.Release|Any CPU.ActiveCfg = Release|Any CPU
		{D0E5F6A7-B8C9-4D01-E2F3-4A5B6C7D8E9F}.Release|Any CPU.Build.0 = Release|Any CPU
		{E1F6A7B8-C9D0-4E12-F3A4-5B6C7D8E9F0A}.Debug|Any CPU.ActiveCfg = Debug|Any CPU
		{E1F6A7B8-C9D0-4E12-F3A4-5B6C7D8E9F0A}.Debug|Any CPU.Build.0 = Debug|Any CPU
		{E1F6A7B8-C9D0-4E12-F3A4-5B6C7D8E9F0A}.Release|Any CPU.ActiveCfg = Release|Any CPU
		{E1F6A7B8-C9D0-4E12-F3A4-5B6C7D8E9F0A}.Release|Any CPU.Build.0 = Release|Any CPU
		{F2A7B8C9-D0E1-4F23-A4B5-6C7D8E9F0A1B}.Debug|Any CPU.ActiveCfg = Debug|Any CPU
		{F2A7B8C9-D0E1-4F23-A4B5-6C7D8E9F0A1B}.Debug|Any CPU.Build.0 = Debug|Any CPU
		{F2A7B8C9-D0E1-4F23-A4B5-6C7D8E9F0A1B}.Release|Any CPU.ActiveCfg = Release|Any CPU
		{F2A7B8C9-D0E1-4F23-A4B5-6C7D8E9F0A1B}.Release|Any CPU.Build.0 = Release|Any CPU
		{B2C3D4E5-F6A7-4B8C-9D0E-1F2A3B4C5D6E}.Debug|Any CPU.ActiveCfg = Debug|Any CPU
		{B2C3D4E5-F6A7-4B8C-9D0E-1F2A3B4C5D6E}.Debug|Any CPU.Build.0 = Debug|Any CPU
		{B2C3D4E5-F6A7-4B8C-9D0E-1F2A3B4C5D6E}.Release|Any CPU.ActiveCfg = Release|Any CPU
		{B2C3D4E5-F6A7-4B8C-9D0E-1F2A3B4C5D6E}.Release|Any CPU.Build.0 = Release|Any CPU
		{C3D4E5F6-A7B8-4C9D-0E1F-2A3B4C5D6E7F}.Debug|Any CPU.ActiveCfg = Debug|Any CPU
		{C3D4E5F6-A7B8-4C9D-0E1F-2A3B4C5D6E7F}.Debug|Any CPU.Build.0 = Debug|Any CPU
		{C3D4E5F6-A7B8-4C9D-0E1F-2A3B4C5D6E7F}.Release|Any CPU.ActiveCfg = Release|Any CPU
		{C3D4E5F6-A7B8-4C9D-0E1F-2A3B4C5D6E7F}.Release|Any CPU.Build.0 = Release|Any CPU
		{D4E5F6A7-B8C9-4D0E-1F2A-3B4C5D6E7F8A}.Debug|Any CPU.ActiveCfg = Debug|Any CPU
		{D4E5F6A7-B8C9-4D0E-1F2A-3B4C5D6E7F8A}.Debug|Any CPU.Build.0 = Debug|Any CPU
		{D4E5F6A7-B8C9-4D0E-1F2A-3B4C5D6E7F8A}.Release|Any CPU.ActiveCfg = Release|Any CPU
		{D4E5F6A7-B8C9-4D0E-1F2A-3B4C5D6E7F8A}.Release|Any CPU.Build.0 = Release|Any CPU
		{E5F6A7B8-C9D0-4E1F-2A3B-4C5D6E7F8A9B}.Debug|Any CPU.ActiveCfg = Debug|Any CPU
		{E5F6A7B8-C9D0-4E1F-2A3B-4C5D6E7F8A9B}.Debug|Any CPU.Build.0 = Debug|Any CPU
		{E5F6A7B8-C9D0-4E1F-2A3B-4C5D6E7F8A9B}.Release|Any CPU.ActiveCfg = Release|Any CPU
		{E5F6A7B8-C9D0-4E1F-2A3B-4C5D6E7F8A9B}.Release|Any CPU.Build.0 = Release|Any CPU
		{9FE6F4F5-F390-2217-CEB9-1A35FABE9F8C}.Debug|Any CPU.ActiveCfg = Debug|Any CPU
		{9FE6F4F5-F390-2217-CEB9-1A35FABE9F8C}.Debug|Any CPU.Build.0 = Debug|Any CPU
		{9FE6F4F5-F390-2217-CEB9-1A35FABE9F8C}.Release|Any CPU.ActiveCfg = Release|Any CPU
		{9FE6F4F5-F390-2217-CEB9-1A35FABE9F8C}.Release|Any CPU.Build.0 = Release|Any CPU
		{605BC48A-F726-4273-8519-677DCC9C4C43}.Debug|Any CPU.ActiveCfg = Debug|Any CPU
		{605BC48A-F726-4273-8519-677DCC9C4C43}.Debug|Any CPU.Build.0 = Debug|Any CPU
		{605BC48A-F726-4273-8519-677DCC9C4C43}.Release|Any CPU.ActiveCfg = Release|Any CPU
		{605BC48A-F726-4273-8519-677DCC9C4C43}.Release|Any CPU.Build.0 = Release|Any CPU
	EndGlobalSection
	GlobalSection(SolutionProperties) = preSolution
		HideSolutionNode = FALSE
	EndGlobalSection
	GlobalSection(NestedProjects) = preSolution
		{A612ECBE-E601-4B87-8322-867BD6989976} = {9F0D8EBF-94D7-4966-99F0-A9D659FF97EF}
		{45B23C9D-7DC8-4526-A80A-60983D198045} = {A612ECBE-E601-4B87-8322-867BD6989976}
		{ED37FED0-2758-4AD9-BD08-17E5E07B949E} = {A612ECBE-E601-4B87-8322-867BD6989976}
		{D468BF40-D803-4A3A-9F0D-42984C64E0B3} = {A612ECBE-E601-4B87-8322-867BD6989976}
		{DE704F33-680D-4F42-A1AD-3ED2CCF01738} = {A612ECBE-E601-4B87-8322-867BD6989976}
		{18C7DE63-F749-4FF0-ADB0-9B2162F6A06C} = {9F0D8EBF-94D7-4966-99F0-A9D659FF97EF}
		{7FCFC05A-4C79-4042-B4E0-10DBE2902E42} = {18C7DE63-F749-4FF0-ADB0-9B2162F6A06C}
		{C0D83BEF-0D37-494C-BB96-219C04AB7729} = {18C7DE63-F749-4FF0-ADB0-9B2162F6A06C}
		{A08072F0-4756-4853-9E5E-B1117033AAA6} = {18C7DE63-F749-4FF0-ADB0-9B2162F6A06C}
		{0722FE1E-C387-4F49-99B7-BAF9ECE0F300} = {18C7DE63-F749-4FF0-ADB0-9B2162F6A06C}
		{B8C3D4E5-F6A7-4B89-9C0D-1E2F3A4B5C6D} = {9F0D8EBF-94D7-4966-99F0-A9D659FF97EF}
		{C9D4E5F6-A7B8-4C90-D1E2-3F4A5B6C7D8E} = {B8C3D4E5-F6A7-4B89-9C0D-1E2F3A4B5C6D}
		{D0E5F6A7-B8C9-4D01-E2F3-4A5B6C7D8E9F} = {B8C3D4E5-F6A7-4B89-9C0D-1E2F3A4B5C6D}
		{E1F6A7B8-C9D0-4E12-F3A4-5B6C7D8E9F0A} = {B8C3D4E5-F6A7-4B89-9C0D-1E2F3A4B5C6D}
		{F2A7B8C9-D0E1-4F23-A4B5-6C7D8E9F0A1B} = {B8C3D4E5-F6A7-4B89-9C0D-1E2F3A4B5C6D}
		{A1B2C3D4-E5F6-4A7B-8C9D-0E1F2A3B4C5D} = {9F0D8EBF-94D7-4966-99F0-A9D659FF97EF}
		{B2C3D4E5-F6A7-4B8C-9D0E-1F2A3B4C5D6E} = {A1B2C3D4-E5F6-4A7B-8C9D-0E1F2A3B4C5D}
		{C3D4E5F6-A7B8-4C9D-0E1F-2A3B4C5D6E7F} = {A1B2C3D4-E5F6-4A7B-8C9D-0E1F2A3B4C5D}
		{D4E5F6A7-B8C9-4D0E-1F2A-3B4C5D6E7F8A} = {A1B2C3D4-E5F6-4A7B-8C9D-0E1F2A3B4C5D}
		{E5F6A7B8-C9D0-4E1F-2A3B-4C5D6E7F8A9B} = {A1B2C3D4-E5F6-4A7B-8C9D-0E1F2A3B4C5D}
		{9FE6F4F5-F390-2217-CEB9-1A35FABE9F8C} = {7BCA487B-3BB6-4D36-B681-BA282C63141C}
		{605BC48A-F726-4273-8519-677DCC9C4C43} = {7BCA487B-3BB6-4D36-B681-BA282C63141C}
	EndGlobalSection
	GlobalSection(ExtensibilityGlobals) = postSolution
		SolutionGuid = {FC4EB525-BD47-4A1F-B375-6430E5899BEA}
	EndGlobalSection
EndGlobal
